// !$*UTF8*$!
{
	archiveVersion = 1;
	classes = {
	};
	objectVersion = 50;
	objects = {

/* Begin PBXBuildFile section */
		3C24696225E410DD007D20BE /* SimpleListItemView.swift in Sources */ = {isa = PBXBuildFile; fileRef = 3C24696125E410DD007D20BE /* SimpleListItemView.swift */; };
		3C84370125E414FD00A19BF7 /* ItemDetailedView.swift in Sources */ = {isa = PBXBuildFile; fileRef = 3C84370025E414FD00A19BF7 /* ItemDetailedView.swift */; };
		3C84370425E4152700A19BF7 /* RemoteImageView.swift in Sources */ = {isa = PBXBuildFile; fileRef = 3C84370325E4152700A19BF7 /* RemoteImageView.swift */; };
		3C84370725E4153800A19BF7 /* RemoteAudioView.swift in Sources */ = {isa = PBXBuildFile; fileRef = 3C84370625E4153800A19BF7 /* RemoteAudioView.swift */; };
		3C84370A25E4154E00A19BF7 /* SongDetailedView.swift in Sources */ = {isa = PBXBuildFile; fileRef = 3C84370925E4154E00A19BF7 /* SongDetailedView.swift */; };
		3CDCDD7925E158F0007FEB5F /* SongBrowserApp.swift in Sources */ = {isa = PBXBuildFile; fileRef = 3CDCDD7825E158F0007FEB5F /* SongBrowserApp.swift */; };
		3CDCDD7B25E158F0007FEB5F /* ContentView.swift in Sources */ = {isa = PBXBuildFile; fileRef = 3CDCDD7A25E158F0007FEB5F /* ContentView.swift */; };
		3CDCDD7D25E158F8007FEB5F /* Assets.xcassets in Resources */ = {isa = PBXBuildFile; fileRef = 3CDCDD7C25E158F8007FEB5F /* Assets.xcassets */; };
		3CDCDD8025E158F8007FEB5F /* Preview Assets.xcassets in Resources */ = {isa = PBXBuildFile; fileRef = 3CDCDD7F25E158F8007FEB5F /* Preview Assets.xcassets */; };
		3CDCDD8925E159B8007FEB5F /* SearchBarView.swift in Sources */ = {isa = PBXBuildFile; fileRef = 3CDCDD8825E159B8007FEB5F /* SearchBarView.swift */; };
		3CDCDD8F25E15E2A007FEB5F /* song.swift in Sources */ = {isa = PBXBuildFile; fileRef = 3CDCDD8E25E15E2A007FEB5F /* song.swift */; };
		3CDCDD9325E15E9D007FEB5F /* Search result.swift in Sources */ = {isa = PBXBuildFile; fileRef = 3CDCDD9225E15E9D007FEB5F /* Search result.swift */; };
/* End PBXBuildFile section */

/* Begin PBXFileReference section */
		3C24696125E410DD007D20BE /* SimpleListItemView.swift */ = {isa = PBXFileReference; lastKnownFileType = sourcecode.swift; path = SimpleListItemView.swift; sourceTree = "<group>"; };
		3C84370025E414FD00A19BF7 /* ItemDetailedView.swift */ = {isa = PBXFileReference; lastKnownFileType = sourcecode.swift; path = ItemDetailedView.swift; sourceTree = "<group>"; };
		3C84370325E4152700A19BF7 /* RemoteImageView.swift */ = {isa = PBXFileReference; lastKnownFileType = sourcecode.swift; path = RemoteImageView.swift; sourceTree = "<group>"; };
		3C84370625E4153800A19BF7 /* RemoteAudioView.swift */ = {isa = PBXFileReference; lastKnownFileType = sourcecode.swift; path = RemoteAudioView.swift; sourceTree = "<group>"; };
		3C84370925E4154E00A19BF7 /* SongDetailedView.swift */ = {isa = PBXFileReference; lastKnownFileType = sourcecode.swift; path = SongDetailedView.swift; sourceTree = "<group>"; };
		3CDCDD7525E158F0007FEB5F /* SongBrowser.app */ = {isa = PBXFileReference; explicitFileType = wrapper.application; includeInIndex = 0; path = SongBrowser.app; sourceTree = BUILT_PRODUCTS_DIR; };
		3CDCDD7825E158F0007FEB5F /* SongBrowserApp.swift */ = {isa = PBXFileReference; lastKnownFileType = sourcecode.swift; path = SongBrowserApp.swift; sourceTree = "<group>"; };
		3CDCDD7A25E158F0007FEB5F /* ContentView.swift */ = {isa = PBXFileReference; lastKnownFileType = sourcecode.swift; path = ContentView.swift; sourceTree = "<group>"; };
		3CDCDD7C25E158F8007FEB5F /* Assets.xcassets */ = {isa = PBXFileReference; lastKnownFileType = folder.assetcatalog; path = Assets.xcassets; sourceTree = "<group>"; };
		3CDCDD7F25E158F8007FEB5F /* Preview Assets.xcassets */ = {isa = PBXFileReference; lastKnownFileType = folder.assetcatalog; path = "Preview Assets.xcassets"; sourceTree = "<group>"; };
		3CDCDD8125E158F8007FEB5F /* Info.plist */ = {isa = PBXFileReference; lastKnownFileType = text.plist.xml; path = Info.plist; sourceTree = "<group>"; };
		3CDCDD8825E159B8007FEB5F /* SearchBarView.swift */ = {isa = PBXFileReference; lastKnownFileType = sourcecode.swift; path = SearchBarView.swift; sourceTree = "<group>"; };
		3CDCDD8E25E15E2A007FEB5F /* song.swift */ = {isa = PBXFileReference; lastKnownFileType = sourcecode.swift; path = song.swift; sourceTree = "<group>"; };
		3CDCDD9225E15E9D007FEB5F /* Search result.swift */ = {isa = PBXFileReference; lastKnownFileType = sourcecode.swift; path = "Search result.swift"; sourceTree = "<group>"; };
/* End PBXFileReference section */

/* Begin PBXFrameworksBuildPhase section */
		3CDCDD7225E158F0007FEB5F /* Frameworks */ = {
			isa = PBXFrameworksBuildPhase;
			buildActionMask = 2147483647;
			files = (
			);
			runOnlyForDeploymentPostprocessing = 0;
		};
/* End PBXFrameworksBuildPhase section */

/* Begin PBXGroup section */
		3CDCDD6C25E158F0007FEB5F = {
			isa = PBXGroup;
			children = (
				3CDCDD7725E158F0007FEB5F /* SongBrowser */,
				3CDCDD7625E158F0007FEB5F /* Products */,
			);
			sourceTree = "<group>";
		};
		3CDCDD7625E158F0007FEB5F /* Products */ = {
			isa = PBXGroup;
			children = (
				3CDCDD7525E158F0007FEB5F /* SongBrowser.app */,
			);
			name = Products;
			sourceTree = "<group>";
		};
		3CDCDD7725E158F0007FEB5F /* SongBrowser */ = {
			isa = PBXGroup;
			children = (
				3CDCDD7825E158F0007FEB5F /* SongBrowserApp.swift */,
				3CDCDD8D25E15DF0007FEB5F /* view */,
				3CDCDD8C25E15DE6007FEB5F /* Model */,
				3CDCDD7C25E158F8007FEB5F /* Assets.xcassets */,
				3CDCDD8125E158F8007FEB5F /* Info.plist */,
				3CDCDD7E25E158F8007FEB5F /* Preview Content */,
			);
			path = SongBrowser;
			sourceTree = "<group>";
		};
		3CDCDD7E25E158F8007FEB5F /* Preview Content */ = {
			isa = PBXGroup;
			children = (
				3CDCDD7F25E158F8007FEB5F /* Preview Assets.xcassets */,
			);
			path = "Preview Content";
			sourceTree = "<group>";
		};
		3CDCDD8C25E15DE6007FEB5F /* Model */ = {
			isa = PBXGroup;
			children = (
				3CDCDD8E25E15E2A007FEB5F /* song.swift */,
				3CDCDD9225E15E9D007FEB5F /* Search result.swift */,
			);
			path = Model;
			sourceTree = "<group>";
		};
		3CDCDD8D25E15DF0007FEB5F /* view */ = {
			isa = PBXGroup;
			children = (
				3CDCDD7A25E158F0007FEB5F /* ContentView.swift */,
				3C24696125E410DD007D20BE /* SimpleListItemView.swift */,
				3CDCDD8825E159B8007FEB5F /* SearchBarView.swift */,
				3C84370025E414FD00A19BF7 /* ItemDetailedView.swift */,
				3C84370325E4152700A19BF7 /* RemoteImageView.swift */,
				3C84370625E4153800A19BF7 /* RemoteAudioView.swift */,
				3C84370925E4154E00A19BF7 /* SongDetailedView.swift */,
			);
			path = view;
			sourceTree = "<group>";
		};
/* End PBXGroup section */

/* Begin PBXNativeTarget section */
		3CDCDD7425E158F0007FEB5F /* SongBrowser */ = {
			isa = PBXNativeTarget;
			buildConfigurationList = 3CDCDD8425E158F8007FEB5F /* Build configuration list for PBXNativeTarget "SongBrowser" */;
			buildPhases = (
				3CDCDD7125E158F0007FEB5F /* Sources */,
				3CDCDD7225E158F0007FEB5F /* Frameworks */,
				3CDCDD7325E158F0007FEB5F /* Resources */,
			);
			buildRules = (
			);
			dependencies = (
			);
			name = SongBrowser;
			productName = SongBrowser;
			productReference = 3CDCDD7525E158F0007FEB5F /* SongBrowser.app */;
			productType = "com.apple.product-type.application";
		};
/* End PBXNativeTarget section */

/* Begin PBXProject section */
		3CDCDD6D25E158F0007FEB5F /* Project object */ = {
			isa = PBXProject;
			attributes = {
				LastSwiftUpdateCheck = 1240;
				LastUpgradeCheck = 1240;
				TargetAttributes = {
					3CDCDD7425E158F0007FEB5F = {
						CreatedOnToolsVersion = 12.4;
					};
				};
			};
			buildConfigurationList = 3CDCDD7025E158F0007FEB5F /* Build configuration list for PBXProject "SongBrowser" */;
			compatibilityVersion = "Xcode 9.3";
			developmentRegion = en;
			hasScannedForEncodings = 0;
			knownRegions = (
				en,
				Base,
			);
			mainGroup = 3CDCDD6C25E158F0007FEB5F;
			productRefGroup = 3CDCDD7625E158F0007FEB5F /* Products */;
			projectDirPath = "";
			projectRoot = "";
			targets = (
				3CDCDD7425E158F0007FEB5F /* SongBrowser */,
			);
		};
/* End PBXProject section */

/* Begin PBXResourcesBuildPhase section */
		3CDCDD7325E158F0007FEB5F /* Resources */ = {
			isa = PBXResourcesBuildPhase;
			buildActionMask = 2147483647;
			files = (
				3CDCDD8025E158F8007FEB5F /* Preview Assets.xcassets in Resources */,
				3CDCDD7D25E158F8007FEB5F /* Assets.xcassets in Resources */,
			);
			runOnlyForDeploymentPostprocessing = 0;
		};
/* End PBXResourcesBuildPhase section */

/* Begin PBXSourcesBuildPhase section */
		3CDCDD7125E158F0007FEB5F /* Sources */ = {
			isa = PBXSourcesBuildPhase;
			buildActionMask = 2147483647;
			files = (
				3CDCDD9325E15E9D007FEB5F /* Search result.swift in Sources */,
				3CDCDD8F25E15E2A007FEB5F /* song.swift in Sources */,
				3C84370425E4152700A19BF7 /* RemoteImageView.swift in Sources */,
				3CDCDD7B25E158F0007FEB5F /* ContentView.swift in Sources */,
				3C84370125E414FD00A19BF7 /* ItemDetailedView.swift in Sources */,
				3CDCDD8925E159B8007FEB5F /* SearchBarView.swift in Sources */,
				3CDCDD7925E158F0007FEB5F /* SongBrowserApp.swift in Sources */,
				3C84370725E4153800A19BF7 /* RemoteAudioView.swift in Sources */,
				3C24696225E410DD007D20BE /* SimpleListItemView.swift in Sources */,
				3C84370A25E4154E00A19BF7 /* SongDetailedView.swift in Sources */,
			);
			runOnlyForDeploymentPostprocessing = 0;
		};
/* End PBXSourcesBuildPhase section */

/* Begin XCBuildConfiguration section */
		3CDCDD8225E158F8007FEB5F /* Debug */ = {
			isa = XCBuildConfiguration;
			buildSettings = {
				ALWAYS_SEARCH_USER_PATHS = NO;
				CLANG_ANALYZER_NONNULL = YES;
				CLANG_ANALYZER_NUMBER_OBJECT_CONVERSION = YES_AGGRESSIVE;
				CLANG_CXX_LANGUAGE_STANDARD = "gnu++14";
				CLANG_CXX_LIBRARY = "libc++";
				CLANG_ENABLE_MODULES = YES;
				CLANG_ENABLE_OBJC_ARC = YES;
				CLANG_ENABLE_OBJC_WEAK = YES;
				CLANG_WARN_BLOCK_CAPTURE_AUTORELEASING = YES;
				CLANG_WARN_BOOL_CONVERSION = YES;
				CLANG_WARN_COMMA = YES;
				CLANG_WARN_CONSTANT_CONVERSION = YES;
				CLANG_WARN_DEPRECATED_OBJC_IMPLEMENTATIONS = YES;
				CLANG_WARN_DIRECT_OBJC_ISA_USAGE = YES_ERROR;
				CLANG_WARN_DOCUMENTATION_COMMENTS = YES;
				CLANG_WARN_EMPTY_BODY = YES;
				CLANG_WARN_ENUM_CONVERSION = YES;
				CLANG_WARN_INFINITE_RECURSION = YES;
				CLANG_WARN_INT_CONVERSION = YES;
				CLANG_WARN_NON_LITERAL_NULL_CONVERSION = YES;
				CLANG_WARN_OBJC_IMPLICIT_RETAIN_SELF = YES;
				CLANG_WARN_OBJC_LITERAL_CONVERSION = YES;
				CLANG_WARN_OBJC_ROOT_CLASS = YES_ERROR;
				CLANG_WARN_QUOTED_INCLUDE_IN_FRAMEWORK_HEADER = YES;
				CLANG_WARN_RANGE_LOOP_ANALYSIS = YES;
				CLANG_WARN_STRICT_PROTOTYPES = YES;
				CLANG_WARN_SUSPICIOUS_MOVE = YES;
				CLANG_WARN_UNGUARDED_AVAILABILITY = YES_AGGRESSIVE;
				CLANG_WARN_UNREACHABLE_CODE = YES;
				CLANG_WARN__DUPLICATE_METHOD_MATCH = YES;
				COPY_PHASE_STRIP = NO;
				DEBUG_INFORMATION_FORMAT = dwarf;
				ENABLE_STRICT_OBJC_MSGSEND = YES;
				ENABLE_TESTABILITY = YES;
				GCC_C_LANGUAGE_STANDARD = gnu11;
				GCC_DYNAMIC_NO_PIC = NO;
				GCC_NO_COMMON_BLOCKS = YES;
				GCC_OPTIMIZATION_LEVEL = 0;
				GCC_PREPROCESSOR_DEFINITIONS = (
					"DEBUG=1",
					"$(inherited)",
				);
				GCC_WARN_64_TO_32_BIT_CONVERSION = YES;
				GCC_WARN_ABOUT_RETURN_TYPE = YES_ERROR;
				GCC_WARN_UNDECLARED_SELECTOR = YES;
				GCC_WARN_UNINITIALIZED_AUTOS = YES_AGGRESSIVE;
				GCC_WARN_UNUSED_FUNCTION = YES;
				GCC_WARN_UNUSED_VARIABLE = YES;
				IPHONEOS_DEPLOYMENT_TARGET = 14.4;
				MTL_ENABLE_DEBUG_INFO = INCLUDE_SOURCE;
				MTL_FAST_MATH = YES;
				ONLY_ACTIVE_ARCH = YES;
				SDKROOT = iphoneos;
				SWIFT_ACTIVE_COMPILATION_CONDITIONS = DEBUG;
				SWIFT_OPTIMIZATION_LEVEL = "-Onone";
			};
			name = Debug;
		};
		3CDCDD8325E158F8007FEB5F /* Release */ = {
			isa = XCBuildConfiguration;
			buildSettings = {
				ALWAYS_SEARCH_USER_PATHS = NO;
				CLANG_ANALYZER_NONNULL = YES;
				CLANG_ANALYZER_NUMBER_OBJECT_CONVERSION = YES_AGGRESSIVE;
				CLANG_CXX_LANGUAGE_STANDARD = "gnu++14";
				CLANG_CXX_LIBRARY = "libc++";
				CLANG_ENABLE_MODULES = YES;
				CLANG_ENABLE_OBJC_ARC = YES;
				CLANG_ENABLE_OBJC_WEAK = YES;
				CLANG_WARN_BLOCK_CAPTURE_AUTORELEASING = YES;
				CLANG_WARN_BOOL_CONVERSION = YES;
				CLANG_WARN_COMMA = YES;
				CLANG_WARN_CONSTANT_CONVERSION = YES;
				CLANG_WARN_DEPRECATED_OBJC_IMPLEMENTATIONS = YES;
				CLANG_WARN_DIRECT_OBJC_ISA_USAGE = YES_ERROR;
				CLANG_WARN_DOCUMENTATION_COMMENTS = YES;
				CLANG_WARN_EMPTY_BODY = YES;
				CLANG_WARN_ENUM_CONVERSION = YES;
				CLANG_WARN_INFINITE_RECURSION = YES;
				CLANG_WARN_INT_CONVERSION = YES;
				CLANG_WARN_NON_LITERAL_NULL_CONVERSION = YES;
				CLANG_WARN_OBJC_IMPLICIT_RETAIN_SELF = YES;
				CLANG_WARN_OBJC_LITERAL_CONVERSION = YES;
				CLANG_WARN_OBJC_ROOT_CLASS = YES_ERROR;
				CLANG_WARN_QUOTED_INCLUDE_IN_FRAMEWORK_HEADER = YES;
				CLANG_WARN_RANGE_LOOP_ANALYSIS = YES;
				CLANG_WARN_STRICT_PROTOTYPES = YES;
				CLANG_WARN_SUSPICIOUS_MOVE = YES;
				CLANG_WARN_UNGUARDED_AVAILABILITY = YES_AGGRESSIVE;
				CLANG_WARN_UNREACHABLE_CODE = YES;
				CLANG_WARN__DUPLICATE_METHOD_MATCH = YES;
				COPY_PHASE_STRIP = NO;
				DEBUG_INFORMATION_FORMAT = "dwarf-with-dsym";
				ENABLE_NS_ASSERTIONS = NO;
				ENABLE_STRICT_OBJC_MSGSEND = YES;
				GCC_C_LANGUAGE_STANDARD = gnu11;
				GCC_NO_COMMON_BLOCKS = YES;
				GCC_WARN_64_TO_32_BIT_CONVERSION = YES;
				GCC_WARN_ABOUT_RETURN_TYPE = YES_ERROR;
				GCC_WARN_UNDECLARED_SELECTOR = YES;
				GCC_WARN_UNINITIALIZED_AUTOS = YES_AGGRESSIVE;
				GCC_WARN_UNUSED_FUNCTION = YES;
				GCC_WARN_UNUSED_VARIABLE = YES;
				IPHONEOS_DEPLOYMENT_TARGET = 14.4;
				MTL_ENABLE_DEBUG_INFO = NO;
				MTL_FAST_MATH = YES;
				SDKROOT = iphoneos;
				SWIFT_COMPILATION_MODE = wholemodule;
				SWIFT_OPTIMIZATION_LEVEL = "-O";
				VALIDATE_PRODUCT = YES;
			};
			name = Release;
		};
		3CDCDD8525E158F8007FEB5F /* Debug */ = {
			isa = XCBuildConfiguration;
			buildSettings = {
				ASSETCATALOG_COMPILER_APPICON_NAME = AppIcon;
				ASSETCATALOG_COMPILER_GLOBAL_ACCENT_COLOR_NAME = AccentColor;
				CODE_SIGN_STYLE = Automatic;
				DEVELOPMENT_ASSET_PATHS = "\"SongBrowser/Preview Content\"";
				DEVELOPMENT_TEAM = 2PUY3827Z7;
				ENABLE_PREVIEWS = YES;
				INFOPLIST_FILE = SongBrowser/Info.plist;
				IPHONEOS_DEPLOYMENT_TARGET = 14.0;
				LD_RUNPATH_SEARCH_PATHS = (
					"$(inherited)",
					"@executable_path/Frameworks",
				);
				PRODUCT_BUNDLE_IDENTIFIER = ca.yiningwang.SongBrowser;
				PRODUCT_NAME = "$(TARGET_NAME)";
				SWIFT_VERSION = 5.0;
				TARGETED_DEVICE_FAMILY = "1,2";
			};
			name = Debug;
		};
		3CDCDD8625E158F8007FEB5F /* Release */ = {
			isa = XCBuildConfiguration;
			buildSettings = {
				ASSETCATALOG_COMPILER_APPICON_NAME = AppIcon;
				ASSETCATALOG_COMPILER_GLOBAL_ACCENT_COLOR_NAME = AccentColor;
				CODE_SIGN_STYLE = Automatic;
				DEVELOPMENT_ASSET_PATHS = "\"SongBrowser/Preview Content\"";
				DEVELOPMENT_TEAM = 2PUY3827Z7;
				ENABLE_PREVIEWS = YES;
				INFOPLIST_FILE = SongBrowser/Info.plist;
				IPHONEOS_DEPLOYMENT_TARGET = 14.0;
				LD_RUNPATH_SEARCH_PATHS = (
					"$(inherited)",
					"@executable_path/Frameworks",
				);
				PRODUCT_BUNDLE_IDENTIFIER = ca.yiningwang.SongBrowser;
				PRODUCT_NAME = "$(TARGET_NAME)";
				SWIFT_VERSION = 5.0;
				TARGETED_DEVICE_FAMILY = "1,2";
			};
			name = Release;
		};
/* End XCBuildConfiguration section */

/* Begin XCConfigurationList section */
		3CDCDD7025E158F0007FEB5F /* Build configuration list for PBXProject "SongBrowser" */ = {
			isa = XCConfigurationList;
			buildConfigurations = (
				3CDCDD8225E158F8007FEB5F /* Debug */,
				3CDCDD8325E158F8007FEB5F /* Release */,
			);
			defaultConfigurationIsVisible = 0;
			defaultConfigurationName = Release;
		};
		3CDCDD8425E158F8007FEB5F /* Build configuration list for PBXNativeTarget "SongBrowser" */ = {
			isa = XCConfigurationList;
			buildConfigurations = (
				3CDCDD8525E158F8007FEB5F /* Debug */,
				3CDCDD8625E158F8007FEB5F /* Release */,
			);
			defaultConfigurationIsVisible = 0;
			defaultConfigurationName = Release;
		};
/* End XCConfigurationList section */
	};
	rootObject = 3CDCDD6D25E158F0007FEB5F /* Project object */;
}
